
Microsoft Visual Studio Solution File, Format Version 12.00
# Visual Studio 2013
VisualStudioVersion = 12.0.21005.1
MinimumVisualStudioVersion = 10.0.40219.1
Project("{FAE04EC0-301F-11D3-BF4B-00C04F79EFBC}") = "HospitalityManagement", "HospitalityManagement\HospitalityManagement.csproj", "{D42A11F7-04BC-41AC-9E3D-4AA7B9AE507C}"
	ProjectSection(ProjectDependencies) = postProject
		{8B74731F-4921-4CA2-84E4-00BB6A98D1EB} = {8B74731F-4921-4CA2-84E4-00BB6A98D1EB}
		{7EDD9825-1F44-45B0-BB34-2CE28843D7BA} = {7EDD9825-1F44-45B0-BB34-2CE28843D7BA}
		{78B7E86E-2D0C-4856-9E56-527C2B53C1AD} = {78B7E86E-2D0C-4856-9E56-527C2B53C1AD}
	EndProjectSection
EndProject
Project("{FAE04EC0-301F-11D3-BF4B-00C04F79EFBC}") = "RIT.HMS.Data", "RIT.HMS.Data\RIT.HMS.Data.csproj", "{8B74731F-4921-4CA2-84E4-00BB6A98D1EB}"
EndProject
Project("{FAE04EC0-301F-11D3-BF4B-00C04F79EFBC}") = "RIT.HMS.BLL", "RIT.HMS.BLL\RIT.HMS.BLL.csproj", "{7EDD9825-1F44-45B0-BB34-2CE28843D7BA}"
EndProject
Project("{FAE04EC0-301F-11D3-BF4B-00C04F79EFBC}") = "RIT.HMS.Domain", "RIT.HMS.Domain\RIT.HMS.Domain.csproj", "{78B7E86E-2D0C-4856-9E56-527C2B53C1AD}"
EndProject
Project("{2150E333-8FDC-42A3-9474-1A3956D46DE8}") = "HospitalityManagementOrderTaker", "HospitalityManagementOrderTaker", "{946CBCA2-4E9D-463A-BCE0-5AC6086E2C17}"
EndProject
Project("{FAE04EC0-301F-11D3-BF4B-00C04F79EFBC}") = "HMSOrderTaker", "HMSOrderTaker\HMSOrderTaker.csproj", "{4812A61B-9A5C-4CE3-AF92-DAEF838C4D15}"
EndProject
Project("{FAE04EC0-301F-11D3-BF4B-00C04F79EFBC}") = "RIT.HMS.HMSOrderTaker.BLL", "RIT.HMS.HMSOrderTaker.BLL\RIT.HMS.HMSOrderTaker.BLL.csproj", "{F9F53F23-9794-456A-ABB6-914A53931655}"
EndProject
Project("{FAE04EC0-301F-11D3-BF4B-00C04F79EFBC}") = "RIT.HMS.HMSOrderTaker.Data", "RIT.HMS.HMSOrderTaker.Data\RIT.HMS.HMSOrderTaker.Data.csproj", "{97B38837-4E8C-448E-8656-6B0F8474D37C}"
EndProject
Project("{FAE04EC0-301F-11D3-BF4B-00C04F79EFBC}") = "RIT.HMS.HMSOrderTaker.Domain", "RIT.HMS.HMSOrderTaker.Domain\RIT.HMS.HMSOrderTaker.Domain.csproj", "{C4C005FB-F167-4686-9A55-AD4A29B80C05}"
EndProject
Project("{2150E333-8FDC-42A3-9474-1A3956D46DE8}") = "HospitalityManagementKeyGenerator", "HospitalityManagementKeyGenerator", "{7C4D7F06-A84B-49AA-AC56-92BDE10D8C5B}"
EndProject
Project("{FAE04EC0-301F-11D3-BF4B-00C04F79EFBC}") = "HMSKeyGenerator", "HMSKeyGenerator\HMSKeyGenerator.csproj", "{7D4A2FEF-6526-4335-9E75-8A7E249577EE}"
EndProject
Global
	GlobalSection(SolutionConfigurationPlatforms) = preSolution
		Debug|Any CPU = Debug|Any CPU
		Release|Any CPU = Release|Any CPU
	EndGlobalSection
	GlobalSection(ProjectConfigurationPlatforms) = postSolution
		{D42A11F7-04BC-41AC-9E3D-4AA7B9AE507C}.Debug|Any CPU.ActiveCfg = Debug|Any CPU
		{D42A11F7-04BC-41AC-9E3D-4AA7B9AE507C}.Debug|Any CPU.Build.0 = Debug|Any CPU
		{D42A11F7-04BC-41AC-9E3D-4AA7B9AE507C}.Release|Any CPU.ActiveCfg = Release|Any CPU
		{D42A11F7-04BC-41AC-9E3D-4AA7B9AE507C}.Release|Any CPU.Build.0 = Release|Any CPU
		{8B74731F-4921-4CA2-84E4-00BB6A98D1EB}.Debug|Any CPU.ActiveCfg = Debug|Any CPU
		{8B74731F-4921-4CA2-84E4-00BB6A98D1EB}.Debug|Any CPU.Build.0 = Debug|Any CPU
		{8B74731F-4921-4CA2-84E4-00BB6A98D1EB}.Release|Any CPU.ActiveCfg = Release|Any CPU
		{8B74731F-4921-4CA2-84E4-00BB6A98D1EB}.Release|Any CPU.Build.0 = Release|Any CPU
		{7EDD9825-1F44-45B0-BB34-2CE28843D7BA}.Debug|Any CPU.ActiveCfg = Debug|Any CPU
		{7EDD9825-1F44-45B0-BB34-2CE28843D7BA}.Debug|Any CPU.Build.0 = Debug|Any CPU
		{7EDD9825-1F44-45B0-BB34-2CE28843D7BA}.Release|Any CPU.ActiveCfg = Release|Any CPU
		{7EDD9825-1F44-45B0-BB34-2CE28843D7BA}.Release|Any CPU.Build.0 = Release|Any CPU
		{78B7E86E-2D0C-4856-9E56-527C2B53C1AD}.Debug|Any CPU.ActiveCfg = Debug|Any CPU
		{78B7E86E-2D0C-4856-9E56-527C2B53C1AD}.Debug|Any CPU.Build.0 = Debug|Any CPU
		{78B7E86E-2D0C-4856-9E56-527C2B53C1AD}.Release|Any CPU.ActiveCfg = Release|Any CPU
		{78B7E86E-2D0C-4856-9E56-527C2B53C1AD}.Release|Any CPU.Build.0 = Release|Any CPU
		{4812A61B-9A5C-4CE3-AF92-DAEF838C4D15}.Debug|Any CPU.ActiveCfg = Debug|Any CPU
		{4812A61B-9A5C-4CE3-AF92-DAEF838C4D15}.Debug|Any CPU.Build.0 = Debug|Any CPU
		{4812A61B-9A5C-4CE3-AF92-DAEF838C4D15}.Release|Any CPU.ActiveCfg = Release|Any CPU
		{4812A61B-9A5C-4CE3-AF92-DAEF838C4D15}.Release|Any CPU.Build.0 = Release|Any CPU
		{F9F53F23-9794-456A-ABB6-914A53931655}.Debug|Any CPU.ActiveCfg = Debug|Any CPU
		{F9F53F23-9794-456A-ABB6-914A53931655}.Debug|Any CPU.Build.0 = Debug|Any CPU
		{F9F53F23-9794-456A-ABB6-914A53931655}.Release|Any CPU.ActiveCfg = Release|Any CPU
		{F9F53F23-9794-456A-ABB6-914A53931655}.Release|Any CPU.Build.0 = Release|Any CPU
		{97B38837-4E8C-448E-8656-6B0F8474D37C}.Debug|Any CPU.ActiveCfg = Debug|Any CPU
		{97B38837-4E8C-448E-8656-6B0F8474D37C}.Debug|Any CPU.Build.0 = Debug|Any CPU
		{97B38837-4E8C-448E-8656-6B0F8474D37C}.Release|Any CPU.ActiveCfg = Release|Any CPU
		{97B38837-4E8C-448E-8656-6B0F8474D37C}.Release|Any CPU.Build.0 = Release|Any CPU
		{C4C005FB-F167-4686-9A55-AD4A29B80C05}.Debug|Any CPU.ActiveCfg = Debug|Any CPU
		{C4C005FB-F167-4686-9A55-AD4A29B80C05}.Debug|Any CPU.Build.0 = Debug|Any CPU
		{C4C005FB-F167-4686-9A55-AD4A29B80C05}.Release|Any CPU.ActiveCfg = Release|Any CPU
		{C4C005FB-F167-4686-9A55-AD4A29B80C05}.Release|Any CPU.Build.0 = Release|Any CPU
		{7D4A2FEF-6526-4335-9E75-8A7E249577EE}.Debug|Any CPU.ActiveCfg = Debug|Any CPU
		{7D4A2FEF-6526-4335-9E75-8A7E249577EE}.Debug|Any CPU.Build.0 = Debug|Any CPU
		{7D4A2FEF-6526-4335-9E75-8A7E249577EE}.Release|Any CPU.ActiveCfg = Release|Any CPU
		{7D4A2FEF-6526-4335-9E75-8A7E249577EE}.Release|Any CPU.Build.0 = Release|Any CPU
	EndGlobalSection
	GlobalSection(SolutionProperties) = preSolution
		HideSolutionNode = FALSE
	EndGlobalSection
	GlobalSection(NestedProjects) = preSolution
		{4812A61B-9A5C-4CE3-AF92-DAEF838C4D15} = {946CBCA2-4E9D-463A-BCE0-5AC6086E2C17}
		{F9F53F23-9794-456A-ABB6-914A53931655} = {946CBCA2-4E9D-463A-BCE0-5AC6086E2C17}
		{97B38837-4E8C-448E-8656-6B0F8474D37C} = {946CBCA2-4E9D-463A-BCE0-5AC6086E2C17}
		{C4C005FB-F167-4686-9A55-AD4A29B80C05} = {946CBCA2-4E9D-463A-BCE0-5AC6086E2C17}
		{7D4A2FEF-6526-4335-9E75-8A7E249577EE} = {7C4D7F06-A84B-49AA-AC56-92BDE10D8C5B}
	EndGlobalSection
EndGlobal
